// !$*UTF8*$!
{
	archiveVersion = 1;
	classes = {
	};
	objectVersion = 56;
	objects = {

/* Begin PBXBuildFile section */
		16F1120A2A3B259B005E3B05 /* AppDelegate.swift in Sources */ = {isa = PBXBuildFile; fileRef = 16F112092A3B259B005E3B05 /* AppDelegate.swift */; };
		16F1120C2A3B259B005E3B05 /* SceneDelegate.swift in Sources */ = {isa = PBXBuildFile; fileRef = 16F1120B2A3B259B005E3B05 /* SceneDelegate.swift */; };
		16F1120E2A3B259B005E3B05 /* ViewController.swift in Sources */ = {isa = PBXBuildFile; fileRef = 16F1120D2A3B259B005E3B05 /* ViewController.swift */; };
		16F112112A3B259B005E3B05 /* Main.storyboard in Resources */ = {isa = PBXBuildFile; fileRef = 16F1120F2A3B259B005E3B05 /* Main.storyboard */; };
		16F112142A3B259B005E3B05 /* CustomCalendar.xcdatamodeld in Sources */ = {isa = PBXBuildFile; fileRef = 16F112122A3B259B005E3B05 /* CustomCalendar.xcdatamodeld */; };
		16F112162A3B259D005E3B05 /* Assets.xcassets in Resources */ = {isa = PBXBuildFile; fileRef = 16F112152A3B259D005E3B05 /* Assets.xcassets */; };
		16F112192A3B259D005E3B05 /* LaunchScreen.storyboard in Resources */ = {isa = PBXBuildFile; fileRef = 16F112172A3B259D005E3B05 /* LaunchScreen.storyboard */; };
		16F112212A3B2C09005E3B05 /* CalendarManager.swift in Sources */ = {isa = PBXBuildFile; fileRef = 16F112202A3B2C09005E3B05 /* CalendarManager.swift */; };
		16F112232A3B4D5B005E3B05 /* CalendarCollectionViewCell.swift in Sources */ = {isa = PBXBuildFile; fileRef = 16F112222A3B4D5B005E3B05 /* CalendarCollectionViewCell.swift */; };
		16F112252A3B4DCE005E3B05 /* CalendarCollectionViewCell.xib in Resources */ = {isa = PBXBuildFile; fileRef = 16F112242A3B4DCE005E3B05 /* CalendarCollectionViewCell.xib */; };
/* End PBXBuildFile section */

/* Begin PBXFileReference section */
		16F112062A3B259B005E3B05 /* CustomCalendar.app */ = {isa = PBXFileReference; explicitFileType = wrapper.application; includeInIndex = 0; path = CustomCalendar.app; sourceTree = BUILT_PRODUCTS_DIR; };
		16F112092A3B259B005E3B05 /* AppDelegate.swift */ = {isa = PBXFileReference; lastKnownFileType = sourcecode.swift; path = AppDelegate.swift; sourceTree = "<group>"; };
		16F1120B2A3B259B005E3B05 /* SceneDelegate.swift */ = {isa = PBXFileReference; lastKnownFileType = sourcecode.swift; path = SceneDelegate.swift; sourceTree = "<group>"; };
		16F1120D2A3B259B005E3B05 /* ViewController.swift */ = {isa = PBXFileReference; lastKnownFileType = sourcecode.swift; path = ViewController.swift; sourceTree = "<group>"; };
		16F112102A3B259B005E3B05 /* Base */ = {isa = PBXFileReference; lastKnownFileType = file.storyboard; name = Base; path = Base.lproj/Main.storyboard; sourceTree = "<group>"; };
		16F112132A3B259B005E3B05 /* CustomCalendar.xcdatamodel */ = {isa = PBXFileReference; lastKnownFileType = wrapper.xcdatamodel; path = CustomCalendar.xcdatamodel; sourceTree = "<group>"; };
		16F112152A3B259D005E3B05 /* Assets.xcassets */ = {isa = PBXFileReference; lastKnownFileType = folder.assetcatalog; path = Assets.xcassets; sourceTree = "<group>"; };
		16F112182A3B259D005E3B05 /* Base */ = {isa = PBXFileReference; lastKnownFileType = file.storyboard; name = Base; path = Base.lproj/LaunchScreen.storyboard; sourceTree = "<group>"; };
		16F1121A2A3B259D005E3B05 /* Info.plist */ = {isa = PBXFileReference; lastKnownFileType = text.plist.xml; path = Info.plist; sourceTree = "<group>"; };
		16F112202A3B2C09005E3B05 /* CalendarManager.swift */ = {isa = PBXFileReference; lastKnownFileType = sourcecode.swift; path = CalendarManager.swift; sourceTree = "<group>"; };
		16F112222A3B4D5B005E3B05 /* CalendarCollectionViewCell.swift */ = {isa = PBXFileReference; lastKnownFileType = sourcecode.swift; path = CalendarCollectionViewCell.swift; sourceTree = "<group>"; };
		16F112242A3B4DCE005E3B05 /* CalendarCollectionViewCell.xib */ = {isa = PBXFileReference; lastKnownFileType = file.xib; path = CalendarCollectionViewCell.xib; sourceTree = "<group>"; };
/* End PBXFileReference section */

/* Begin PBXFrameworksBuildPhase section */
		16F112032A3B259B005E3B05 /* Frameworks */ = {
			isa = PBXFrameworksBuildPhase;
			buildActionMask = 2147483647;
			files = (
			);
			runOnlyForDeploymentPostprocessing = 0;
		};
/* End PBXFrameworksBuildPhase section */

/* Begin PBXGroup section */
		16F111FD2A3B259B005E3B05 = {
			isa = PBXGroup;
			children = (
				16F112082A3B259B005E3B05 /* CustomCalendar */,
				16F112072A3B259B005E3B05 /* Products */,
			);
			sourceTree = "<group>";
		};
		16F112072A3B259B005E3B05 /* Products */ = {
			isa = PBXGroup;
			children = (
				16F112062A3B259B005E3B05 /* CustomCalendar.app */,
			);
			name = Products;
			sourceTree = "<group>";
		};
		16F112082A3B259B005E3B05 /* CustomCalendar */ = {
			isa = PBXGroup;
			children = (
				16F112282A3B58F2005E3B05 /* Views */,
				16F112272A3B58D5005E3B05 /* ViewControllers */,
				16F112262A3B58C4005E3B05 /* Application */,
				16F112292A3B5909005E3B05 /* Xibs */,
				16F112152A3B259D005E3B05 /* Assets.xcassets */,
				16F1121A2A3B259D005E3B05 /* Info.plist */,
				16F112122A3B259B005E3B05 /* CustomCalendar.xcdatamodeld */,
			);
			path = CustomCalendar;
			sourceTree = "<group>";
		};
		16F112262A3B58C4005E3B05 /* Application */ = {
			isa = PBXGroup;
			children = (
				16F112092A3B259B005E3B05 /* AppDelegate.swift */,
				16F1120B2A3B259B005E3B05 /* SceneDelegate.swift */,
			);
			path = Application;
			sourceTree = "<group>";
		};
		16F112272A3B58D5005E3B05 /* ViewControllers */ = {
			isa = PBXGroup;
			children = (
				16F1120D2A3B259B005E3B05 /* ViewController.swift */,
				16F112202A3B2C09005E3B05 /* CalendarManager.swift */,
				16F112222A3B4D5B005E3B05 /* CalendarCollectionViewCell.swift */,
			);
			path = ViewControllers;
			sourceTree = "<group>";
		};
		16F112282A3B58F2005E3B05 /* Views */ = {
			isa = PBXGroup;
			children = (
				16F1120F2A3B259B005E3B05 /* Main.storyboard */,
				16F112172A3B259D005E3B05 /* LaunchScreen.storyboard */,
			);
			path = Views;
			sourceTree = "<group>";
		};
		16F112292A3B5909005E3B05 /* Xibs */ = {
			isa = PBXGroup;
			children = (
				16F112242A3B4DCE005E3B05 /* CalendarCollectionViewCell.xib */,
			);
			path = Xibs;
			sourceTree = "<group>";
		};
/* End PBXGroup section */

/* Begin PBXNativeTarget section */
		16F112052A3B259B005E3B05 /* CustomCalendar */ = {
			isa = PBXNativeTarget;
			buildConfigurationList = 16F1121D2A3B259D005E3B05 /* Build configuration list for PBXNativeTarget "CustomCalendar" */;
			buildPhases = (
				16F112022A3B259B005E3B05 /* Sources */,
				16F112032A3B259B005E3B05 /* Frameworks */,
				16F112042A3B259B005E3B05 /* Resources */,
			);
			buildRules = (
			);
			dependencies = (
			);
			name = CustomCalendar;
			productName = CustomCalendar;
			productReference = 16F112062A3B259B005E3B05 /* CustomCalendar.app */;
			productType = "com.apple.product-type.application";
		};
/* End PBXNativeTarget section */

/* Begin PBXProject section */
		16F111FE2A3B259B005E3B05 /* Project object */ = {
			isa = PBXProject;
			attributes = {
				BuildIndependentTargetsInParallel = 1;
				LastSwiftUpdateCheck = 1430;
				LastUpgradeCheck = 1430;
				TargetAttributes = {
					16F112052A3B259B005E3B05 = {
						CreatedOnToolsVersion = 14.3.1;
					};
				};
			};
			buildConfigurationList = 16F112012A3B259B005E3B05 /* Build configuration list for PBXProject "CustomCalendar" */;
			compatibilityVersion = "Xcode 14.0";
			developmentRegion = en;
			hasScannedForEncodings = 0;
			knownRegions = (
				en,
				Base,
			);
			mainGroup = 16F111FD2A3B259B005E3B05;
			productRefGroup = 16F112072A3B259B005E3B05 /* Products */;
			projectDirPath = "";
			projectRoot = "";
			targets = (
				16F112052A3B259B005E3B05 /* CustomCalendar */,
			);
		};
/* End PBXProject section */

/* Begin PBXResourcesBuildPhase section */
		16F112042A3B259B005E3B05 /* Resources */ = {
			isa = PBXResourcesBuildPhase;
			buildActionMask = 2147483647;
			files = (
				16F112252A3B4DCE005E3B05 /* CalendarCollectionViewCell.xib in Resources */,
				16F112192A3B259D005E3B05 /* LaunchScreen.storyboard in Resources */,
				16F112162A3B259D005E3B05 /* Assets.xcassets in Resources */,
				16F112112A3B259B005E3B05 /* Main.storyboard in Resources */,
			);
			runOnlyForDeploymentPostprocessing = 0;
		};
/* End PBXResourcesBuildPhase section */

/* Begin PBXSourcesBuildPhase section */
		16F112022A3B259B005E3B05 /* Sources */ = {
			isa = PBXSourcesBuildPhase;
			buildActionMask = 2147483647;
			files = (
				16F112232A3B4D5B005E3B05 /* CalendarCollectionViewCell.swift in Sources */,
				16F112142A3B259B005E3B05 /* CustomCalendar.xcdatamodeld in Sources */,
				16F1120E2A3B259B005E3B05 /* ViewController.swift in Sources */,
				16F1120A2A3B259B005E3B05 /* AppDelegate.swift in Sources */,
				16F1120C2A3B259B005E3B05 /* SceneDelegate.swift in Sources */,
				16F112212A3B2C09005E3B05 /* CalendarManager.swift in Sources */,
			);
			runOnlyForDeploymentPostprocessing = 0;
		};
/* End PBXSourcesBuildPhase section */

/* Begin PBXVariantGroup section */
		16F1120F2A3B259B005E3B05 /* Main.storyboard */ = {
			isa = PBXVariantGroup;
			children = (
				16F112102A3B259B005E3B05 /* Base */,
			);
			name = Main.storyboard;
			sourceTree = "<group>";
		};
		16F112172A3B259D005E3B05 /* LaunchScreen.storyboard */ = {
			isa = PBXVariantGroup;
			children = (
				16F112182A3B259D005E3B05 /* Base */,
			);
			name = LaunchScreen.storyboard;
			sourceTree = "<group>";
		};
/* End PBXVariantGroup section */

/* Begin XCBuildConfiguration section */
		16F1121B2A3B259D005E3B05 /* Debug */ = {
			isa = XCBuildConfiguration;
			buildSettings = {
				ALWAYS_SEARCH_USER_PATHS = NO;
				CLANG_ANALYZER_NONNULL = YES;
				CLANG_ANALYZER_NUMBER_OBJECT_CONVERSION = YES_AGGRESSIVE;
				CLANG_CXX_LANGUAGE_STANDARD = "gnu++20";
				CLANG_ENABLE_MODULES = YES;
				CLANG_ENABLE_OBJC_ARC = YES;
				CLANG_ENABLE_OBJC_WEAK = YES;
				CLANG_WARN_BLOCK_CAPTURE_AUTORELEASING = YES;
				CLANG_WARN_BOOL_CONVERSION = YES;
				CLANG_WARN_COMMA = YES;
				CLANG_WARN_CONSTANT_CONVERSION = YES;
				CLANG_WARN_DEPRECATED_OBJC_IMPLEMENTATIONS = YES;
				CLANG_WARN_DIRECT_OBJC_ISA_USAGE = YES_ERROR;
				CLANG_WARN_DOCUMENTATION_COMMENTS = YES;
				CLANG_WARN_EMPTY_BODY = YES;
				CLANG_WARN_ENUM_CONVERSION = YES;
				CLANG_WARN_INFINITE_RECURSION = YES;
				CLANG_WARN_INT_CONVERSION = YES;
				CLANG_WARN_NON_LITERAL_NULL_CONVERSION = YES;
				CLANG_WARN_OBJC_IMPLICIT_RETAIN_SELF = YES;
				CLANG_WARN_OBJC_LITERAL_CONVERSION = YES;
				CLANG_WARN_OBJC_ROOT_CLASS = YES_ERROR;
				CLANG_WARN_QUOTED_INCLUDE_IN_FRAMEWORK_HEADER = YES;
				CLANG_WARN_RANGE_LOOP_ANALYSIS = YES;
				CLANG_WARN_STRICT_PROTOTYPES = YES;
				CLANG_WARN_SUSPICIOUS_MOVE = YES;
				CLANG_WARN_UNGUARDED_AVAILABILITY = YES_AGGRESSIVE;
				CLANG_WARN_UNREACHABLE_CODE = YES;
				CLANG_WARN__DUPLICATE_METHOD_MATCH = YES;
				COPY_PHASE_STRIP = NO;
				DEBUG_INFORMATION_FORMAT = dwarf;
				ENABLE_STRICT_OBJC_MSGSEND = YES;
				ENABLE_TESTABILITY = YES;
				GCC_C_LANGUAGE_STANDARD = gnu11;
				GCC_DYNAMIC_NO_PIC = NO;
				GCC_NO_COMMON_BLOCKS = YES;
				GCC_OPTIMIZATION_LEVEL = 0;
				GCC_PREPROCESSOR_DEFINITIONS = (
					"DEBUG=1",
					"$(inherited)",
				);
				GCC_WARN_64_TO_32_BIT_CONVERSION = YES;
				GCC_WARN_ABOUT_RETURN_TYPE = YES_ERROR;
				GCC_WARN_UNDECLARED_SELECTOR = YES;
				GCC_WARN_UNINITIALIZED_AUTOS = YES_AGGRESSIVE;
				GCC_WARN_UNUSED_FUNCTION = YES;
				GCC_WARN_UNUSED_VARIABLE = YES;
				IPHONEOS_DEPLOYMENT_TARGET = 16.4;
				MTL_ENABLE_DEBUG_INFO = INCLUDE_SOURCE;
				MTL_FAST_MATH = YES;
				ONLY_ACTIVE_ARCH = YES;
				SDKROOT = iphoneos;
				SWIFT_ACTIVE_COMPILATION_CONDITIONS = DEBUG;
				SWIFT_OPTIMIZATION_LEVEL = "-Onone";
			};
			name = Debug;
		};
		16F1121C2A3B259D005E3B05 /* Release */ = {
			isa = XCBuildConfiguration;
			buildSettings = {
				ALWAYS_SEARCH_USER_PATHS = NO;
				CLANG_ANALYZER_NONNULL = YES;
				CLANG_ANALYZER_NUMBER_OBJECT_CONVERSION = YES_AGGRESSIVE;
				CLANG_CXX_LANGUAGE_STANDARD = "gnu++20";
				CLANG_ENABLE_MODULES = YES;
				CLANG_ENABLE_OBJC_ARC = YES;
				CLANG_ENABLE_OBJC_WEAK = YES;
				CLANG_WARN_BLOCK_CAPTURE_AUTORELEASING = YES;
				CLANG_WARN_BOOL_CONVERSION = YES;
				CLANG_WARN_COMMA = YES;
				CLANG_WARN_CONSTANT_CONVERSION = YES;
				CLANG_WARN_DEPRECATED_OBJC_IMPLEMENTATIONS = YES;
				CLANG_WARN_DIRECT_OBJC_ISA_USAGE = YES_ERROR;
				CLANG_WARN_DOCUMENTATION_COMMENTS = YES;
				CLANG_WARN_EMPTY_BODY = YES;
				CLANG_WARN_ENUM_CONVERSION = YES;
				CLANG_WARN_INFINITE_RECURSION = YES;
				CLANG_WARN_INT_CONVERSION = YES;
				CLANG_WARN_NON_LITERAL_NULL_CONVERSION = YES;
				CLANG_WARN_OBJC_IMPLICIT_RETAIN_SELF = YES;
				CLANG_WARN_OBJC_LITERAL_CONVERSION = YES;
				CLANG_WARN_OBJC_ROOT_CLASS = YES_ERROR;
				CLANG_WARN_QUOTED_INCLUDE_IN_FRAMEWORK_HEADER = YES;
				CLANG_WARN_RANGE_LOOP_ANALYSIS = YES;
				CLANG_WARN_STRICT_PROTOTYPES = YES;
				CLANG_WARN_SUSPICIOUS_MOVE = YES;
				CLANG_WARN_UNGUARDED_AVAILABILITY = YES_AGGRESSIVE;
				CLANG_WARN_UNREACHABLE_CODE = YES;
				CLANG_WARN__DUPLICATE_METHOD_MATCH = YES;
				COPY_PHASE_STRIP = NO;
				DEBUG_INFORMATION_FORMAT = "dwarf-with-dsym";
				ENABLE_NS_ASSERTIONS = NO;
				ENABLE_STRICT_OBJC_MSGSEND = YES;
				GCC_C_LANGUAGE_STANDARD = gnu11;
				GCC_NO_COMMON_BLOCKS = YES;
				GCC_WARN_64_TO_32_BIT_CONVERSION = YES;
				GCC_WARN_ABOUT_RETURN_TYPE = YES_ERROR;
				GCC_WARN_UNDECLARED_SELECTOR = YES;
				GCC_WARN_UNINITIALIZED_AUTOS = YES_AGGRESSIVE;
				GCC_WARN_UNUSED_FUNCTION = YES;
				GCC_WARN_UNUSED_VARIABLE = YES;
				IPHONEOS_DEPLOYMENT_TARGET = 16.4;
				MTL_ENABLE_DEBUG_INFO = NO;
				MTL_FAST_MATH = YES;
				SDKROOT = iphoneos;
				SWIFT_COMPILATION_MODE = wholemodule;
				SWIFT_OPTIMIZATION_LEVEL = "-O";
				VALIDATE_PRODUCT = YES;
			};
			name = Release;
		};
		16F1121E2A3B259D005E3B05 /* Debug */ = {
			isa = XCBuildConfiguration;
			buildSettings = {
				ASSETCATALOG_COMPILER_APPICON_NAME = AppIcon;
				ASSETCATALOG_COMPILER_GLOBAL_ACCENT_COLOR_NAME = AccentColor;
				CODE_SIGN_STYLE = Automatic;
				CURRENT_PROJECT_VERSION = 1;
				DEVELOPMENT_TEAM = 2TN53K396S;
				GENERATE_INFOPLIST_FILE = YES;
				INFOPLIST_FILE = CustomCalendar/Info.plist;
				INFOPLIST_KEY_UIApplicationSupportsIndirectInputEvents = YES;
				INFOPLIST_KEY_UILaunchStoryboardName = LaunchScreen;
				INFOPLIST_KEY_UIMainStoryboardFile = Main;
				INFOPLIST_KEY_UISupportedInterfaceOrientations_iPad = "UIInterfaceOrientationPortrait UIInterfaceOrientationPortraitUpsideDown UIInterfaceOrientationLandscapeLeft UIInterfaceOrientationLandscapeRight";
				INFOPLIST_KEY_UISupportedInterfaceOrientations_iPhone = "UIInterfaceOrientationPortrait UIInterfaceOrientationLandscapeLeft UIInterfaceOrientationLandscapeRight";
				LD_RUNPATH_SEARCH_PATHS = (
					"$(inherited)",
					"@executable_path/Frameworks",
				);
				MARKETING_VERSION = 1.0;
				PRODUCT_BUNDLE_IDENTIFIER = Parkhomchuk.CustomCalendar;
				PRODUCT_NAME = "$(TARGET_NAME)";
				SWIFT_EMIT_LOC_STRINGS = YES;
				SWIFT_VERSION = 5.0;
				TARGETED_DEVICE_FAMILY = "1,2";
			};
			name = Debug;
		};
		16F1121F2A3B259D005E3B05 /* Release */ = {
			isa = XCBuildConfiguration;
			buildSettings = {
				ASSETCATALOG_COMPILER_APPICON_NAME = AppIcon;
				ASSETCATALOG_COMPILER_GLOBAL_ACCENT_COLOR_NAME = AccentColor;
				CODE_SIGN_STYLE = Automatic;
				CURRENT_PROJECT_VERSION = 1;
				DEVELOPMENT_TEAM = 2TN53K396S;
				GENERATE_INFOPLIST_FILE = YES;
				INFOPLIST_FILE = CustomCalendar/Info.plist;
				INFOPLIST_KEY_UIApplicationSupportsIndirectInputEvents = YES;
				INFOPLIST_KEY_UILaunchStoryboardName = LaunchScreen;
				INFOPLIST_KEY_UIMainStoryboardFile = Main;
				INFOPLIST_KEY_UISupportedInterfaceOrientations_iPad = "UIInterfaceOrientationPortrait UIInterfaceOrientationPortraitUpsideDown UIInterfaceOrientationLandscapeLeft UIInterfaceOrientationLandscapeRight";
				INFOPLIST_KEY_UISupportedInterfaceOrientations_iPhone = "UIInterfaceOrientationPortrait UIInterfaceOrientationLandscapeLeft UIInterfaceOrientationLandscapeRight";
				LD_RUNPATH_SEARCH_PATHS = (
					"$(inherited)",
					"@executable_path/Frameworks",
				);
				MARKETING_VERSION = 1.0;
				PRODUCT_BUNDLE_IDENTIFIER = Parkhomchuk.CustomCalendar;
				PRODUCT_NAME = "$(TARGET_NAME)";
				SWIFT_EMIT_LOC_STRINGS = YES;
				SWIFT_VERSION = 5.0;
				TARGETED_DEVICE_FAMILY = "1,2";
			};
			name = Release;
		};
/* End XCBuildConfiguration section */

/* Begin XCConfigurationList section */
		16F112012A3B259B005E3B05 /* Build configuration list for PBXProject "CustomCalendar" */ = {
			isa = XCConfigurationList;
			buildConfigurations = (
				16F1121B2A3B259D005E3B05 /* Debug */,
				16F1121C2A3B259D005E3B05 /* Release */,
			);
			defaultConfigurationIsVisible = 0;
			defaultConfigurationName = Release;
		};
		16F1121D2A3B259D005E3B05 /* Build configuration list for PBXNativeTarget "CustomCalendar" */ = {
			isa = XCConfigurationList;
			buildConfigurations = (
				16F1121E2A3B259D005E3B05 /* Debug */,
				16F1121F2A3B259D005E3B05 /* Release */,
			);
			defaultConfigurationIsVisible = 0;
			defaultConfigurationName = Release;
		};
/* End XCConfigurationList section */

/* Begin XCVersionGroup section */
		16F112122A3B259B005E3B05 /* CustomCalendar.xcdatamodeld */ = {
			isa = XCVersionGroup;
			children = (
				16F112132A3B259B005E3B05 /* CustomCalendar.xcdatamodel */,
			);
			currentVersion = 16F112132A3B259B005E3B05 /* CustomCalendar.xcdatamodel */;
			path = CustomCalendar.xcdatamodeld;
			sourceTree = "<group>";
			versionGroupType = wrapper.xcdatamodel;
		};
/* End XCVersionGroup section */
	};
	rootObject = 16F111FE2A3B259B005E3B05 /* Project object */;
}
